{
  "version": 4,
  "terraform_version": "1.13.3",
  "serial": 1,
  "lineage": "0a9f400a-adc0-3974-6f3d-acb298c9328b",
  "outputs": {},
  "resources": [
    {
      "mode": "managed",
      "type": "aws_iam_policy",
      "name": "custom_policy",
      "provider": "provider[\"registry.terraform.io/hashicorp/aws\"]",
      "instances": [
        {
          "schema_version": 0,
          "attributes": {
            "arn": "arn:aws:iam::535002879489:policy/resource-move-demo-policy",
            "attachment_count": 0,
            "description": "Custom role with limited permissions",
            "id": "arn:aws:iam::535002879489:policy/resource-move-demo-policy",
            "name": "resource-move-demo-policy",
            "name_prefix": "",
            "path": "/",
            "policy": "{\"Statement\":[{\"Action\":[\"ec2:*\",\"s3:*\"],\"Effect\":\"Allow\",\"Resource\":\"*\"}],\"Version\":\"2012-10-17\"}",
            "policy_id": "ANPAXZEFICYA4F2Y4JSDA",
            "tags": null,
            "tags_all": {}
          },
          "sensitive_attributes": [],
          "identity_schema_version": 0,
          "private": "bnVsbA=="
        }
      ]
    }
  ],
  "check_results": null
}
